
Microsoft Visual Studio Solution File, Format Version 12.00
# Visual Studio 15
VisualStudioVersion = 15.0.28307.168
MinimumVisualStudioVersion = 10.0.40219.1
Project("{FAE04EC0-301F-11D3-BF4B-00C04F79EFBC}") = "ShoppingJewellery", "ShoppingJewellery\ShoppingJewellery.csproj", "{7A83D54C-1A49-4F00-9270-D588D2876C97}"
EndProject
Project("{FAE04EC0-301F-11D3-BF4B-00C04F79EFBC}") = "Comon", "Comon\Comon.csproj", "{A5CFC538-8E2B-48C7-85D7-3B7835384C6B}"
EndProject
Global
	GlobalSection(SolutionConfigurationPlatforms) = preSolution
		Debug|Any CPU = Debug|Any CPU
		Release|Any CPU = Release|Any CPU
	EndGlobalSection
	GlobalSection(ProjectConfigurationPlatforms) = postSolution
		{7A83D54C-1A49-4F00-9270-D588D2876C97}.Debug|Any CPU.ActiveCfg = Debug|Any CPU
		{7A83D54C-1A49-4F00-9270-D588D2876C97}.Debug|Any CPU.Build.0 = Debug|Any CPU
		{7A83D54C-1A49-4F00-9270-D588D2876C97}.Release|Any CPU.ActiveCfg = Release|Any CPU
		{7A83D54C-1A49-4F00-9270-D588D2876C97}.Release|Any CPU.Build.0 = Release|Any CPU
		{A5CFC538-8E2B-48C7-85D7-3B7835384C6B}.Debug|Any CPU.ActiveCfg = Debug|Any CPU
		{A5CFC538-8E2B-48C7-85D7-3B7835384C6B}.Debug|Any CPU.Build.0 = Debug|Any CPU
		{A5CFC538-8E2B-48C7-85D7-3B7835384C6B}.Release|Any CPU.ActiveCfg = Release|Any CPU
		{A5CFC538-8E2B-48C7-85D7-3B7835384C6B}.Release|Any CPU.Build.0 = Release|Any CPU
	EndGlobalSection
	GlobalSection(SolutionProperties) = preSolution
		HideSolutionNode = FALSE
	EndGlobalSection
	GlobalSection(ExtensibilityGlobals) = postSolution
		SolutionGuid = {1AEA0F55-8A76-4A4D-A02A-9EE076511121}
	EndGlobalSection
EndGlobal
